
Microsoft Visual Studio Solution File, Format Version 12.00
# Visual Studio 15
VisualStudioVersion = 15.0.28307.572
MinimumVisualStudioVersion = 10.0.40219.1
Project("{FAE04EC0-301F-11D3-BF4B-00C04F79EFBC}") = "Want2LearnBase", "Want2LearnBase\Want2LearnBase.csproj", "{C7156974-88CF-43A8-8A40-1E6AF4E807F0}"
EndProject
Global
	GlobalSection(SolutionConfigurationPlatforms) = preSolution
		Debug|Any CPU = Debug|Any CPU
		Release|Any CPU = Release|Any CPU
	EndGlobalSection
	GlobalSection(ProjectConfigurationPlatforms) = postSolution
		{C7156974-88CF-43A8-8A40-1E6AF4E807F0}.Debug|Any CPU.ActiveCfg = Debug|Any CPU
		{C7156974-88CF-43A8-8A40-1E6AF4E807F0}.Debug|Any CPU.Build.0 = Debug|Any CPU
		{C7156974-88CF-43A8-8A40-1E6AF4E807F0}.Release|Any CPU.ActiveCfg = Release|Any CPU
		{C7156974-88CF-43A8-8A40-1E6AF4E807F0}.Release|Any CPU.Build.0 = Release|Any CPU
	EndGlobalSection
	GlobalSection(SolutionProperties) = preSolution
		HideSolutionNode = FALSE
	EndGlobalSection
	GlobalSection(ExtensibilityGlobals) = postSolution
		SolutionGuid = {ECD840F5-30A9-4CDA-9BA1-FF6E8F5F26E6}
	EndGlobalSection
EndGlobal
